
Microsoft Visual Studio Solution File, Format Version 12.00
# Visual Studio Version 16
VisualStudioVersion = 16.0.30104.148
MinimumVisualStudioVersion = 10.0.40219.1
Project("{FAE04EC0-301F-11D3-BF4B-00C04F79EFBC}") = "Technovert.BankApp.CLI", "Technovert.BankApp.CLI\Technovert.BankApp.CLI.csproj", "{8065E395-B9FE-4192-9CF7-A471A08DC24B}"
EndProject
Project("{FAE04EC0-301F-11D3-BF4B-00C04F79EFBC}") = "Technovert.BankApp.Models", "Technovert.BankApp.Models\Technovert.BankApp.Models.csproj", "{7333F4B5-6840-4C63-B711-5EB6899D1EB3}"
EndProject
Project("{FAE04EC0-301F-11D3-BF4B-00C04F79EFBC}") = "Technovert.BankApp.Services", "Technovert.BankApp.Services\Technovert.BankApp.Services.csproj", "{737DDB69-2A53-4797-B152-D349EB3693DD}"
EndProject
Global
	GlobalSection(SolutionConfigurationPlatforms) = preSolution
		Debug|Any CPU = Debug|Any CPU
		Release|Any CPU = Release|Any CPU
	EndGlobalSection
	GlobalSection(ProjectConfigurationPlatforms) = postSolution
		{8065E395-B9FE-4192-9CF7-A471A08DC24B}.Debug|Any CPU.ActiveCfg = Debug|Any CPU
		{8065E395-B9FE-4192-9CF7-A471A08DC24B}.Debug|Any CPU.Build.0 = Debug|Any CPU
		{8065E395-B9FE-4192-9CF7-A471A08DC24B}.Release|Any CPU.ActiveCfg = Release|Any CPU
		{8065E395-B9FE-4192-9CF7-A471A08DC24B}.Release|Any CPU.Build.0 = Release|Any CPU
		{7333F4B5-6840-4C63-B711-5EB6899D1EB3}.Debug|Any CPU.ActiveCfg = Debug|Any CPU
		{7333F4B5-6840-4C63-B711-5EB6899D1EB3}.Debug|Any CPU.Build.0 = Debug|Any CPU
		{7333F4B5-6840-4C63-B711-5EB6899D1EB3}.Release|Any CPU.ActiveCfg = Release|Any CPU
		{7333F4B5-6840-4C63-B711-5EB6899D1EB3}.Release|Any CPU.Build.0 = Release|Any CPU
		{737DDB69-2A53-4797-B152-D349EB3693DD}.Debug|Any CPU.ActiveCfg = Debug|Any CPU
		{737DDB69-2A53-4797-B152-D349EB3693DD}.Debug|Any CPU.Build.0 = Debug|Any CPU
		{737DDB69-2A53-4797-B152-D349EB3693DD}.Release|Any CPU.ActiveCfg = Release|Any CPU
		{737DDB69-2A53-4797-B152-D349EB3693DD}.Release|Any CPU.Build.0 = Release|Any CPU
	EndGlobalSection
	GlobalSection(SolutionProperties) = preSolution
		HideSolutionNode = FALSE
	EndGlobalSection
	GlobalSection(ExtensibilityGlobals) = postSolution
		SolutionGuid = {EF506F89-63AC-4825-8945-7D353066ADEA}
	EndGlobalSection
EndGlobal
